
Microsoft Visual Studio Solution File, Format Version 12.00
# Visual Studio Version 17
VisualStudioVersion = 17.0.31903.59
MinimumVisualStudioVersion = 10.0.40219.1
Project("{2150E333-8FDC-42A3-9474-1A3956D46DE8}") = "Lab1", "Lab1", "{ED13059D-E407-5174-3886-4FD5BEA505AB}"
EndProject
Project("{2150E333-8FDC-42A3-9474-1A3956D46DE8}") = "src", "src", "{4FD76D8D-A782-4542-F600-FEDC14639BD0}"
EndProject
Project("{FAE04EC0-301F-11D3-BF4B-00C04F79EFBC}") = "Lab1", "Lab1\src\Lab1.csproj", "{977A915E-A1EB-4E0C-8AC6-6027C6337EC9}"
EndProject
Project("{2150E333-8FDC-42A3-9474-1A3956D46DE8}") = "tests", "tests", "{DB8542DA-92C6-DC74-E96A-0A2CF43571E5}"
EndProject
Project("{FAE04EC0-301F-11D3-BF4B-00C04F79EFBC}") = "UniversitySystem.Tests", "Lab1\tests\UniversitySystem.Tests\UniversitySystem.Tests.csproj", "{EB74E1A9-4E12-48AE-B717-FE2DCE5C6041}"
EndProject
Project("{2150E333-8FDC-42A3-9474-1A3956D46DE8}") = "lab0", "lab0", "{EC392C8B-6E3E-1522-82CD-2B1F230F2675}"
EndProject
Project("{2150E333-8FDC-42A3-9474-1A3956D46DE8}") = "src", "src", "{6F9C3AFF-0005-1AA8-CA48-E7B1B6AAA6A1}"
EndProject
Project("{FAE04EC0-301F-11D3-BF4B-00C04F79EFBC}") = "Lab0", "lab0\src\Lab0.csproj", "{E87BBEA0-2925-4042-9032-33F170E3A3D4}"
EndProject
Project("{2150E333-8FDC-42A3-9474-1A3956D46DE8}") = "tests", "tests", "{7BA48130-C77B-B1A2-E2CD-3A70BC511CC3}"
EndProject
Project("{FAE04EC0-301F-11D3-BF4B-00C04F79EFBC}") = "Lab0.Tests", "lab0\tests\Lab0.Tests.csproj", "{4338C882-D3A6-434F-976F-1D7657B2FFE6}"
EndProject
Project("{2150E333-8FDC-42A3-9474-1A3956D46DE8}") = "lab2", "lab2", "{5C42C7CA-ADAE-0159-8BF5-5EB6C7A325EF}"
EndProject
Project("{2150E333-8FDC-42A3-9474-1A3956D46DE8}") = "src", "src", "{A7782625-A87E-2D34-AE5B-60AC770A4E32}"
EndProject
Project("{FAE04EC0-301F-11D3-BF4B-00C04F79EFBC}") = "Lab2", "lab2\src\Lab2.csproj", "{8611521B-B822-46C0-BD77-4748655BF576}"
EndProject
Project("{2150E333-8FDC-42A3-9474-1A3956D46DE8}") = "tests", "tests", "{82CBA916-5426-2E1F-14FC-066A6FAFAFCC}"
EndProject
Project("{FAE04EC0-301F-11D3-BF4B-00C04F79EFBC}") = "Lab2.Tests", "lab2\tests\Lab2.Tests.csproj", "{34513722-1DB5-4626-BCD7-58EA0ABDC9FE}"
EndProject
Project("{2150E333-8FDC-42A3-9474-1A3956D46DE8}") = "lab3", "lab3", "{87B7E9C9-4035-1DCE-E58D-63E422A029CF}"
EndProject
Project("{2150E333-8FDC-42A3-9474-1A3956D46DE8}") = "src", "src", "{DBBD3A51-6894-C6F9-7C2C-F872B0FD1CAE}"
EndProject
Project("{FAE04EC0-301F-11D3-BF4B-00C04F79EFBC}") = "Lab3", "lab3\src\Lab3.csproj", "{4E37209E-E297-4CE7-A68B-D4DD2101D749}"
EndProject
Project("{2150E333-8FDC-42A3-9474-1A3956D46DE8}") = "tests", "tests", "{2A366B11-1CB9-2687-C42C-31E8E8747744}"
EndProject
Project("{FAE04EC0-301F-11D3-BF4B-00C04F79EFBC}") = "Lab3.Tests", "lab3\tests\Lab3.Tests.csproj", "{D01EC17A-6321-40DE-AEB0-C8CF7EECA8E1}"
EndProject
Global
	GlobalSection(SolutionConfigurationPlatforms) = preSolution
		Debug|Any CPU = Debug|Any CPU
		Debug|x64 = Debug|x64
		Debug|x86 = Debug|x86
		Release|Any CPU = Release|Any CPU
		Release|x64 = Release|x64
		Release|x86 = Release|x86
	EndGlobalSection
	GlobalSection(ProjectConfigurationPlatforms) = postSolution
		{977A915E-A1EB-4E0C-8AC6-6027C6337EC9}.Debug|Any CPU.ActiveCfg = Debug|Any CPU
		{977A915E-A1EB-4E0C-8AC6-6027C6337EC9}.Debug|Any CPU.Build.0 = Debug|Any CPU
		{977A915E-A1EB-4E0C-8AC6-6027C6337EC9}.Debug|x64.ActiveCfg = Debug|Any CPU
		{977A915E-A1EB-4E0C-8AC6-6027C6337EC9}.Debug|x64.Build.0 = Debug|Any CPU
		{977A915E-A1EB-4E0C-8AC6-6027C6337EC9}.Debug|x86.ActiveCfg = Debug|Any CPU
		{977A915E-A1EB-4E0C-8AC6-6027C6337EC9}.Debug|x86.Build.0 = Debug|Any CPU
		{977A915E-A1EB-4E0C-8AC6-6027C6337EC9}.Release|Any CPU.ActiveCfg = Release|Any CPU
		{977A915E-A1EB-4E0C-8AC6-6027C6337EC9}.Release|Any CPU.Build.0 = Release|Any CPU
		{977A915E-A1EB-4E0C-8AC6-6027C6337EC9}.Release|x64.ActiveCfg = Release|Any CPU
		{977A915E-A1EB-4E0C-8AC6-6027C6337EC9}.Release|x64.Build.0 = Release|Any CPU
		{977A915E-A1EB-4E0C-8AC6-6027C6337EC9}.Release|x86.ActiveCfg = Release|Any CPU
		{977A915E-A1EB-4E0C-8AC6-6027C6337EC9}.Release|x86.Build.0 = Release|Any CPU
		{EB74E1A9-4E12-48AE-B717-FE2DCE5C6041}.Debug|Any CPU.ActiveCfg = Debug|Any CPU
		{EB74E1A9-4E12-48AE-B717-FE2DCE5C6041}.Debug|Any CPU.Build.0 = Debug|Any CPU
		{EB74E1A9-4E12-48AE-B717-FE2DCE5C6041}.Debug|x64.ActiveCfg = Debug|Any CPU
		{EB74E1A9-4E12-48AE-B717-FE2DCE5C6041}.Debug|x64.Build.0 = Debug|Any CPU
		{EB74E1A9-4E12-48AE-B717-FE2DCE5C6041}.Debug|x86.ActiveCfg = Debug|Any CPU
		{EB74E1A9-4E12-48AE-B717-FE2DCE5C6041}.Debug|x86.Build.0 = Debug|Any CPU
		{EB74E1A9-4E12-48AE-B717-FE2DCE5C6041}.Release|Any CPU.ActiveCfg = Release|Any CPU
		{EB74E1A9-4E12-48AE-B717-FE2DCE5C6041}.Release|Any CPU.Build.0 = Release|Any CPU
		{EB74E1A9-4E12-48AE-B717-FE2DCE5C6041}.Release|x64.ActiveCfg = Release|Any CPU
		{EB74E1A9-4E12-48AE-B717-FE2DCE5C6041}.Release|x64.Build.0 = Release|Any CPU
		{EB74E1A9-4E12-48AE-B717-FE2DCE5C6041}.Release|x86.ActiveCfg = Release|Any CPU
		{EB74E1A9-4E12-48AE-B717-FE2DCE5C6041}.Release|x86.Build.0 = Release|Any CPU
		{E87BBEA0-2925-4042-9032-33F170E3A3D4}.Debug|Any CPU.ActiveCfg = Debug|Any CPU
		{E87BBEA0-2925-4042-9032-33F170E3A3D4}.Debug|Any CPU.Build.0 = Debug|Any CPU
		{E87BBEA0-2925-4042-9032-33F170E3A3D4}.Debug|x64.ActiveCfg = Debug|Any CPU
		{E87BBEA0-2925-4042-9032-33F170E3A3D4}.Debug|x64.Build.0 = Debug|Any CPU
		{E87BBEA0-2925-4042-9032-33F170E3A3D4}.Debug|x86.ActiveCfg = Debug|Any CPU
		{E87BBEA0-2925-4042-9032-33F170E3A3D4}.Debug|x86.Build.0 = Debug|Any CPU
		{E87BBEA0-2925-4042-9032-33F170E3A3D4}.Release|Any CPU.ActiveCfg = Release|Any CPU
		{E87BBEA0-2925-4042-9032-33F170E3A3D4}.Release|Any CPU.Build.0 = Release|Any CPU
		{E87BBEA0-2925-4042-9032-33F170E3A3D4}.Release|x64.ActiveCfg = Release|Any CPU
		{E87BBEA0-2925-4042-9032-33F170E3A3D4}.Release|x64.Build.0 = Release|Any CPU
		{E87BBEA0-2925-4042-9032-33F170E3A3D4}.Release|x86.ActiveCfg = Release|Any CPU
		{E87BBEA0-2925-4042-9032-33F170E3A3D4}.Release|x86.Build.0 = Release|Any CPU
		{4338C882-D3A6-434F-976F-1D7657B2FFE6}.Debug|Any CPU.ActiveCfg = Debug|Any CPU
		{4338C882-D3A6-434F-976F-1D7657B2FFE6}.Debug|Any CPU.Build.0 = Debug|Any CPU
		{4338C882-D3A6-434F-976F-1D7657B2FFE6}.Debug|x64.ActiveCfg = Debug|Any CPU
		{4338C882-D3A6-434F-976F-1D7657B2FFE6}.Debug|x64.Build.0 = Debug|Any CPU
		{4338C882-D3A6-434F-976F-1D7657B2FFE6}.Debug|x86.ActiveCfg = Debug|Any CPU
		{4338C882-D3A6-434F-976F-1D7657B2FFE6}.Debug|x86.Build.0 = Debug|Any CPU
		{4338C882-D3A6-434F-976F-1D7657B2FFE6}.Release|Any CPU.ActiveCfg = Release|Any CPU
		{4338C882-D3A6-434F-976F-1D7657B2FFE6}.Release|Any CPU.Build.0 = Release|Any CPU
		{4338C882-D3A6-434F-976F-1D7657B2FFE6}.Release|x64.ActiveCfg = Release|Any CPU
		{4338C882-D3A6-434F-976F-1D7657B2FFE6}.Release|x64.Build.0 = Release|Any CPU
		{4338C882-D3A6-434F-976F-1D7657B2FFE6}.Release|x86.ActiveCfg = Release|Any CPU
		{4338C882-D3A6-434F-976F-1D7657B2FFE6}.Release|x86.Build.0 = Release|Any CPU
		{8611521B-B822-46C0-BD77-4748655BF576}.Debug|Any CPU.ActiveCfg = Debug|Any CPU
		{8611521B-B822-46C0-BD77-4748655BF576}.Debug|Any CPU.Build.0 = Debug|Any CPU
		{8611521B-B822-46C0-BD77-4748655BF576}.Debug|x64.ActiveCfg = Debug|Any CPU
		{8611521B-B822-46C0-BD77-4748655BF576}.Debug|x64.Build.0 = Debug|Any CPU
		{8611521B-B822-46C0-BD77-4748655BF576}.Debug|x86.ActiveCfg = Debug|Any CPU
		{8611521B-B822-46C0-BD77-4748655BF576}.Debug|x86.Build.0 = Debug|Any CPU
		{8611521B-B822-46C0-BD77-4748655BF576}.Release|Any CPU.ActiveCfg = Release|Any CPU
		{8611521B-B822-46C0-BD77-4748655BF576}.Release|Any CPU.Build.0 = Release|Any CPU
		{8611521B-B822-46C0-BD77-4748655BF576}.Release|x64.ActiveCfg = Release|Any CPU
		{8611521B-B822-46C0-BD77-4748655BF576}.Release|x64.Build.0 = Release|Any CPU
		{8611521B-B822-46C0-BD77-4748655BF576}.Release|x86.ActiveCfg = Release|Any CPU
		{8611521B-B822-46C0-BD77-4748655BF576}.Release|x86.Build.0 = Release|Any CPU
		{34513722-1DB5-4626-BCD7-58EA0ABDC9FE}.Debug|Any CPU.ActiveCfg = Debug|Any CPU
		{34513722-1DB5-4626-BCD7-58EA0ABDC9FE}.Debug|Any CPU.Build.0 = Debug|Any CPU
		{34513722-1DB5-4626-BCD7-58EA0ABDC9FE}.Debug|x64.ActiveCfg = Debug|Any CPU
		{34513722-1DB5-4626-BCD7-58EA0ABDC9FE}.Debug|x64.Build.0 = Debug|Any CPU
		{34513722-1DB5-4626-BCD7-58EA0ABDC9FE}.Debug|x86.ActiveCfg = Debug|Any CPU
		{34513722-1DB5-4626-BCD7-58EA0ABDC9FE}.Debug|x86.Build.0 = Debug|Any CPU
		{34513722-1DB5-4626-BCD7-58EA0ABDC9FE}.Release|Any CPU.ActiveCfg = Release|Any CPU
		{34513722-1DB5-4626-BCD7-58EA0ABDC9FE}.Release|Any CPU.Build.0 = Release|Any CPU
		{34513722-1DB5-4626-BCD7-58EA0ABDC9FE}.Release|x64.ActiveCfg = Release|Any CPU
		{34513722-1DB5-4626-BCD7-58EA0ABDC9FE}.Release|x64.Build.0 = Release|Any CPU
		{34513722-1DB5-4626-BCD7-58EA0ABDC9FE}.Release|x86.ActiveCfg = Release|Any CPU
		{34513722-1DB5-4626-BCD7-58EA0ABDC9FE}.Release|x86.Build.0 = Release|Any CPU
		{4E37209E-E297-4CE7-A68B-D4DD2101D749}.Debug|Any CPU.ActiveCfg = Debug|Any CPU
		{4E37209E-E297-4CE7-A68B-D4DD2101D749}.Debug|Any CPU.Build.0 = Debug|Any CPU
		{4E37209E-E297-4CE7-A68B-D4DD2101D749}.Debug|x64.ActiveCfg = Debug|Any CPU
		{4E37209E-E297-4CE7-A68B-D4DD2101D749}.Debug|x64.Build.0 = Debug|Any CPU
		{4E37209E-E297-4CE7-A68B-D4DD2101D749}.Debug|x86.ActiveCfg = Debug|Any CPU
		{4E37209E-E297-4CE7-A68B-D4DD2101D749}.Debug|x86.Build.0 = Debug|Any CPU
		{4E37209E-E297-4CE7-A68B-D4DD2101D749}.Release|Any CPU.ActiveCfg = Release|Any CPU
		{4E37209E-E297-4CE7-A68B-D4DD2101D749}.Release|Any CPU.Build.0 = Release|Any CPU
		{4E37209E-E297-4CE7-A68B-D4DD2101D749}.Release|x64.ActiveCfg = Release|Any CPU
		{4E37209E-E297-4CE7-A68B-D4DD2101D749}.Release|x64.Build.0 = Release|Any CPU
		{4E37209E-E297-4CE7-A68B-D4DD2101D749}.Release|x86.ActiveCfg = Release|Any CPU
		{4E37209E-E297-4CE7-A68B-D4DD2101D749}.Release|x86.Build.0 = Release|Any CPU
		{D01EC17A-6321-40DE-AEB0-C8CF7EECA8E1}.Debug|Any CPU.ActiveCfg = Debug|Any CPU
		{D01EC17A-6321-40DE-AEB0-C8CF7EECA8E1}.Debug|Any CPU.Build.0 = Debug|Any CPU
		{D01EC17A-6321-40DE-AEB0-C8CF7EECA8E1}.Debug|x64.ActiveCfg = Debug|Any CPU
		{D01EC17A-6321-40DE-AEB0-C8CF7EECA8E1}.Debug|x64.Build.0 = Debug|Any CPU
		{D01EC17A-6321-40DE-AEB0-C8CF7EECA8E1}.Debug|x86.ActiveCfg = Debug|Any CPU
		{D01EC17A-6321-40DE-AEB0-C8CF7EECA8E1}.Debug|x86.Build.0 = Debug|Any CPU
		{D01EC17A-6321-40DE-AEB0-C8CF7EECA8E1}.Release|Any CPU.ActiveCfg = Release|Any CPU
		{D01EC17A-6321-40DE-AEB0-C8CF7EECA8E1}.Release|Any CPU.Build.0 = Release|Any CPU
		{D01EC17A-6321-40DE-AEB0-C8CF7EECA8E1}.Release|x64.ActiveCfg = Release|Any CPU
		{D01EC17A-6321-40DE-AEB0-C8CF7EECA8E1}.Release|x64.Build.0 = Release|Any CPU
		{D01EC17A-6321-40DE-AEB0-C8CF7EECA8E1}.Release|x86.ActiveCfg = Release|Any CPU
		{D01EC17A-6321-40DE-AEB0-C8CF7EECA8E1}.Release|x86.Build.0 = Release|Any CPU
	EndGlobalSection
	GlobalSection(SolutionProperties) = preSolution
		HideSolutionNode = FALSE
	EndGlobalSection
	GlobalSection(NestedProjects) = preSolution
		{4FD76D8D-A782-4542-F600-FEDC14639BD0} = {ED13059D-E407-5174-3886-4FD5BEA505AB}
		{977A915E-A1EB-4E0C-8AC6-6027C6337EC9} = {4FD76D8D-A782-4542-F600-FEDC14639BD0}
		{DB8542DA-92C6-DC74-E96A-0A2CF43571E5} = {ED13059D-E407-5174-3886-4FD5BEA505AB}
		{EB74E1A9-4E12-48AE-B717-FE2DCE5C6041} = {DB8542DA-92C6-DC74-E96A-0A2CF43571E5}
		{6F9C3AFF-0005-1AA8-CA48-E7B1B6AAA6A1} = {EC392C8B-6E3E-1522-82CD-2B1F230F2675}
		{E87BBEA0-2925-4042-9032-33F170E3A3D4} = {6F9C3AFF-0005-1AA8-CA48-E7B1B6AAA6A1}
		{7BA48130-C77B-B1A2-E2CD-3A70BC511CC3} = {EC392C8B-6E3E-1522-82CD-2B1F230F2675}
		{4338C882-D3A6-434F-976F-1D7657B2FFE6} = {7BA48130-C77B-B1A2-E2CD-3A70BC511CC3}
		{A7782625-A87E-2D34-AE5B-60AC770A4E32} = {5C42C7CA-ADAE-0159-8BF5-5EB6C7A325EF}
		{8611521B-B822-46C0-BD77-4748655BF576} = {A7782625-A87E-2D34-AE5B-60AC770A4E32}
		{82CBA916-5426-2E1F-14FC-066A6FAFAFCC} = {5C42C7CA-ADAE-0159-8BF5-5EB6C7A325EF}
		{34513722-1DB5-4626-BCD7-58EA0ABDC9FE} = {82CBA916-5426-2E1F-14FC-066A6FAFAFCC}
		{DBBD3A51-6894-C6F9-7C2C-F872B0FD1CAE} = {87B7E9C9-4035-1DCE-E58D-63E422A029CF}
		{4E37209E-E297-4CE7-A68B-D4DD2101D749} = {DBBD3A51-6894-C6F9-7C2C-F872B0FD1CAE}
		{2A366B11-1CB9-2687-C42C-31E8E8747744} = {87B7E9C9-4035-1DCE-E58D-63E422A029CF}
		{D01EC17A-6321-40DE-AEB0-C8CF7EECA8E1} = {2A366B11-1CB9-2687-C42C-31E8E8747744}
	EndGlobalSection
EndGlobal
